
Microsoft Visual Studio Solution File, Format Version 12.00
# Visual Studio Version 17
VisualStudioVersion = 17.9.34622.214
MinimumVisualStudioVersion = 10.0.40219.1
Project("{FAE04EC0-301F-11D3-BF4B-00C04F79EFBC}") = "MauiApp1", "MauiApp1\MauiApp1.csproj", "{6BCC6A70-F9A6-42A9-806E-E09BFD795031}"
EndProject
Global
	GlobalSection(SolutionConfigurationPlatforms) = preSolution
		Debug|Any CPU = Debug|Any CPU
		Release|Any CPU = Release|Any CPU
	EndGlobalSection
	GlobalSection(ProjectConfigurationPlatforms) = postSolution
		{6BCC6A70-F9A6-42A9-806E-E09BFD795031}.Debug|Any CPU.ActiveCfg = Debug|Any CPU
		{6BCC6A70-F9A6-42A9-806E-E09BFD795031}.Debug|Any CPU.Build.0 = Debug|Any CPU
		{6BCC6A70-F9A6-42A9-806E-E09BFD795031}.Debug|Any CPU.Deploy.0 = Debug|Any CPU
		{6BCC6A70-F9A6-42A9-806E-E09BFD795031}.Release|Any CPU.ActiveCfg = Release|Any CPU
		{6BCC6A70-F9A6-42A9-806E-E09BFD795031}.Release|Any CPU.Build.0 = Release|Any CPU
		{6BCC6A70-F9A6-42A9-806E-E09BFD795031}.Release|Any CPU.Deploy.0 = Release|Any CPU
	EndGlobalSection
	GlobalSection(SolutionProperties) = preSolution
		HideSolutionNode = FALSE
	EndGlobalSection
	GlobalSection(ExtensibilityGlobals) = postSolution
		SolutionGuid = {3A1C6505-7C20-4412-AB65-E31E24D7364B}
	EndGlobalSection
EndGlobal
